PODS:
  - OpenWeatherKit (2.0)
  - SVProgressHUD (2.2.5)
  - TextFieldEffects (1.4.0)

DEPENDENCIES:
  - OpenWeatherKit
  - SVProgressHUD
  - TextFieldEffects

SPEC REPOS:
  https://github.com/CocoaPods/Specs.git:
    - OpenWeatherKit
    - SVProgressHUD
    - TextFieldEffects

SPEC CHECKSUMS:
  OpenWeatherKit: d58c66d7fcaa7eab932e17863b641f4b159a9d61
  SVProgressHUD: 1428aafac632c1f86f62aa4243ec12008d7a51d6
  TextFieldEffects: 4ee41b5216e674d55fb6ac25107bf1af7629176f

PODFILE CHECKSUM: 789f7fa77daf7545d7b33fb9d016a6b03d197984

COCOAPODS: 1.5.0
