// !$*UTF8*$!
{
	archiveVersion = 1;
	classes = {
	};
	objectVersion = 48;
	objects = {

/* Begin PBXBuildFile section */
		A387A6F02065B3D000751BA3 /* AppDelegate.swift in Sources */ = {isa = PBXBuildFile; fileRef = A387A6EF2065B3D000751BA3 /* AppDelegate.swift */; };
		A387A6F22065B3D000751BA3 /* ViewController.swift in Sources */ = {isa = PBXBuildFile; fileRef = A387A6F12065B3D000751BA3 /* ViewController.swift */; };
		A387A6F52065B3D000751BA3 /* Main.storyboard in Resources */ = {isa = PBXBuildFile; fileRef = A387A6F32065B3D000751BA3 /* Main.storyboard */; };
		A387A6F72065B3D000751BA3 /* Assets.xcassets in Resources */ = {isa = PBXBuildFile; fileRef = A387A6F62065B3D000751BA3 /* Assets.xcassets */; };
		A387A6FA2065B3D000751BA3 /* LaunchScreen.storyboard in Resources */ = {isa = PBXBuildFile; fileRef = A387A6F82065B3D000751BA3 /* LaunchScreen.storyboard */; };
		A387A7052065B3D100751BA3 /* Hawaiian_WeatherTests.swift in Sources */ = {isa = PBXBuildFile; fileRef = A387A7042065B3D100751BA3 /* Hawaiian_WeatherTests.swift */; };
		A387A7102065B3D100751BA3 /* Hawaiian_WeatherUITests.swift in Sources */ = {isa = PBXBuildFile; fileRef = A387A70F2065B3D100751BA3 /* Hawaiian_WeatherUITests.swift */; };
		A387A7222065C2AF00751BA3 /* NewStation.swift in Sources */ = {isa = PBXBuildFile; fileRef = A387A7212065C2AF00751BA3 /* NewStation.swift */; };
		A387A7242065C3C600751BA3 /* Functions.swift in Sources */ = {isa = PBXBuildFile; fileRef = A387A7232065C3C600751BA3 /* Functions.swift */; };
		A387A726206611DB00751BA3 /* GetWeather.swift in Sources */ = {isa = PBXBuildFile; fileRef = A387A725206611DB00751BA3 /* GetWeather.swift */; };
		A387A728206887BA00751BA3 /* Keys.swift in Sources */ = {isa = PBXBuildFile; fileRef = A387A727206887BA00751BA3 /* Keys.swift */; };
		A387A72A2068884F00751BA3 /* Location.swift in Sources */ = {isa = PBXBuildFile; fileRef = A387A7292068884F00751BA3 /* Location.swift */; };
		A3D27D27206F8544006DFFF4 /* Reachability.swift in Sources */ = {isa = PBXBuildFile; fileRef = A3D27D26206F8544006DFFF4 /* Reachability.swift */; };
		A3FB0704206B848A00935A41 /* Global.swift in Sources */ = {isa = PBXBuildFile; fileRef = A3FB0703206B848A00935A41 /* Global.swift */; };
/* End PBXBuildFile section */

/* Begin PBXContainerItemProxy section */
		A387A7012065B3D100751BA3 /* PBXContainerItemProxy */ = {
			isa = PBXContainerItemProxy;
			containerPortal = A387A6E42065B3D000751BA3 /* Project object */;
			proxyType = 1;
			remoteGlobalIDString = A387A6EB2065B3D000751BA3;
			remoteInfo = "Hawaiian Weather";
		};
		A387A70C2065B3D100751BA3 /* PBXContainerItemProxy */ = {
			isa = PBXContainerItemProxy;
			containerPortal = A387A6E42065B3D000751BA3 /* Project object */;
			proxyType = 1;
			remoteGlobalIDString = A387A6EB2065B3D000751BA3;
			remoteInfo = "Hawaiian Weather";
		};
/* End PBXContainerItemProxy section */

/* Begin PBXFileReference section */
		A387A6EC2065B3D000751BA3 /* Hawaiian Weather.app */ = {isa = PBXFileReference; explicitFileType = wrapper.application; includeInIndex = 0; path = "Hawaiian Weather.app"; sourceTree = BUILT_PRODUCTS_DIR; };
		A387A6EF2065B3D000751BA3 /* AppDelegate.swift */ = {isa = PBXFileReference; lastKnownFileType = sourcecode.swift; path = AppDelegate.swift; sourceTree = "<group>"; };
		A387A6F12065B3D000751BA3 /* ViewController.swift */ = {isa = PBXFileReference; lastKnownFileType = sourcecode.swift; path = ViewController.swift; sourceTree = "<group>"; };
		A387A6F42065B3D000751BA3 /* Base */ = {isa = PBXFileReference; lastKnownFileType = file.storyboard; name = Base; path = Base.lproj/Main.storyboard; sourceTree = "<group>"; };
		A387A6F62065B3D000751BA3 /* Assets.xcassets */ = {isa = PBXFileReference; lastKnownFileType = folder.assetcatalog; path = Assets.xcassets; sourceTree = "<group>"; };
		A387A6F92065B3D000751BA3 /* Base */ = {isa = PBXFileReference; lastKnownFileType = file.storyboard; name = Base; path = Base.lproj/LaunchScreen.storyboard; sourceTree = "<group>"; };
		A387A6FB2065B3D100751BA3 /* Info.plist */ = {isa = PBXFileReference; lastKnownFileType = text.plist.xml; path = Info.plist; sourceTree = "<group>"; };
		A387A7002065B3D100751BA3 /* Hawaiian WeatherTests.xctest */ = {isa = PBXFileReference; explicitFileType = wrapper.cfbundle; includeInIndex = 0; path = "Hawaiian WeatherTests.xctest"; sourceTree = BUILT_PRODUCTS_DIR; };
		A387A7042065B3D100751BA3 /* Hawaiian_WeatherTests.swift */ = {isa = PBXFileReference; lastKnownFileType = sourcecode.swift; path = Hawaiian_WeatherTests.swift; sourceTree = "<group>"; };
		A387A7062065B3D100751BA3 /* Info.plist */ = {isa = PBXFileReference; lastKnownFileType = text.plist.xml; path = Info.plist; sourceTree = "<group>"; };
		A387A70B2065B3D100751BA3 /* Hawaiian WeatherUITests.xctest */ = {isa = PBXFileReference; explicitFileType = wrapper.cfbundle; includeInIndex = 0; path = "Hawaiian WeatherUITests.xctest"; sourceTree = BUILT_PRODUCTS_DIR; };
		A387A70F2065B3D100751BA3 /* Hawaiian_WeatherUITests.swift */ = {isa = PBXFileReference; lastKnownFileType = sourcecode.swift; path = Hawaiian_WeatherUITests.swift; sourceTree = "<group>"; };
		A387A7112065B3D100751BA3 /* Info.plist */ = {isa = PBXFileReference; lastKnownFileType = text.plist.xml; path = Info.plist; sourceTree = "<group>"; };
		A387A7212065C2AF00751BA3 /* NewStation.swift */ = {isa = PBXFileReference; lastKnownFileType = sourcecode.swift; path = NewStation.swift; sourceTree = "<group>"; };
		A387A7232065C3C600751BA3 /* Functions.swift */ = {isa = PBXFileReference; lastKnownFileType = sourcecode.swift; path = Functions.swift; sourceTree = "<group>"; };
		A387A725206611DB00751BA3 /* GetWeather.swift */ = {isa = PBXFileReference; lastKnownFileType = sourcecode.swift; path = GetWeather.swift; sourceTree = "<group>"; };
		A387A727206887BA00751BA3 /* Keys.swift */ = {isa = PBXFileReference; lastKnownFileType = sourcecode.swift; path = Keys.swift; sourceTree = "<group>"; };
		A387A7292068884F00751BA3 /* Location.swift */ = {isa = PBXFileReference; lastKnownFileType = sourcecode.swift; path = Location.swift; sourceTree = "<group>"; };
		A3D27D26206F8544006DFFF4 /* Reachability.swift */ = {isa = PBXFileReference; lastKnownFileType = sourcecode.swift; path = Reachability.swift; sourceTree = "<group>"; };
		A3FB0703206B848A00935A41 /* Global.swift */ = {isa = PBXFileReference; lastKnownFileType = sourcecode.swift; path = Global.swift; sourceTree = "<group>"; };
/* End PBXFileReference section */

/* Begin PBXFrameworksBuildPhase section */
		A387A6E92065B3D000751BA3 /* Frameworks */ = {
			isa = PBXFrameworksBuildPhase;
			buildActionMask = 2147483647;
			files = (
			);
			runOnlyForDeploymentPostprocessing = 0;
		};
		A387A6FD2065B3D100751BA3 /* Frameworks */ = {
			isa = PBXFrameworksBuildPhase;
			buildActionMask = 2147483647;
			files = (
			);
			runOnlyForDeploymentPostprocessing = 0;
		};
		A387A7082065B3D100751BA3 /* Frameworks */ = {
			isa = PBXFrameworksBuildPhase;
			buildActionMask = 2147483647;
			files = (
			);
			runOnlyForDeploymentPostprocessing = 0;
		};
/* End PBXFrameworksBuildPhase section */

/* Begin PBXGroup section */
		A387A6E32065B3D000751BA3 = {
			isa = PBXGroup;
			children = (
				A387A6EE2065B3D000751BA3 /* Hawaiian Weather */,
				A387A7032065B3D100751BA3 /* Hawaiian WeatherTests */,
				A387A70E2065B3D100751BA3 /* Hawaiian WeatherUITests */,
				A387A6ED2065B3D000751BA3 /* Products */,
			);
			sourceTree = "<group>";
		};
		A387A6ED2065B3D000751BA3 /* Products */ = {
			isa = PBXGroup;
			children = (
				A387A6EC2065B3D000751BA3 /* Hawaiian Weather.app */,
				A387A7002065B3D100751BA3 /* Hawaiian WeatherTests.xctest */,
				A387A70B2065B3D100751BA3 /* Hawaiian WeatherUITests.xctest */,
			);
			name = Products;
			sourceTree = "<group>";
		};
		A387A6EE2065B3D000751BA3 /* Hawaiian Weather */ = {
			isa = PBXGroup;
			children = (
				A3D27D28206F8560006DFFF4 /* Support */,
				A387A7202065C25B00751BA3 /* Location */,
				A387A6EF2065B3D000751BA3 /* AppDelegate.swift */,
				A387A6F12065B3D000751BA3 /* ViewController.swift */,
				A387A7212065C2AF00751BA3 /* NewStation.swift */,
				A387A725206611DB00751BA3 /* GetWeather.swift */,
				A387A6F32065B3D000751BA3 /* Main.storyboard */,
				A387A6F62065B3D000751BA3 /* Assets.xcassets */,
				A387A6F82065B3D000751BA3 /* LaunchScreen.storyboard */,
				A387A6FB2065B3D100751BA3 /* Info.plist */,
			);
			path = "Hawaiian Weather";
			sourceTree = "<group>";
		};
		A387A7032065B3D100751BA3 /* Hawaiian WeatherTests */ = {
			isa = PBXGroup;
			children = (
				A387A7042065B3D100751BA3 /* Hawaiian_WeatherTests.swift */,
				A387A7062065B3D100751BA3 /* Info.plist */,
			);
			path = "Hawaiian WeatherTests";
			sourceTree = "<group>";
		};
		A387A70E2065B3D100751BA3 /* Hawaiian WeatherUITests */ = {
			isa = PBXGroup;
			children = (
				A387A70F2065B3D100751BA3 /* Hawaiian_WeatherUITests.swift */,
				A387A7112065B3D100751BA3 /* Info.plist */,
			);
			path = "Hawaiian WeatherUITests";
			sourceTree = "<group>";
		};
		A387A7202065C25B00751BA3 /* Location */ = {
			isa = PBXGroup;
			children = (
				A387A7292068884F00751BA3 /* Location.swift */,
			);
			path = Location;
			sourceTree = "<group>";
		};
		A3D27D28206F8560006DFFF4 /* Support */ = {
			isa = PBXGroup;
			children = (
				A3FB0703206B848A00935A41 /* Global.swift */,
				A3D27D26206F8544006DFFF4 /* Reachability.swift */,
				A387A727206887BA00751BA3 /* Keys.swift */,
				A387A7232065C3C600751BA3 /* Functions.swift */,
			);
			path = Support;
			sourceTree = "<group>";
		};
/* End PBXGroup section */

/* Begin PBXNativeTarget section */
		A387A6EB2065B3D000751BA3 /* Hawaiian Weather */ = {
			isa = PBXNativeTarget;
			buildConfigurationList = A387A7142065B3D100751BA3 /* Build configuration list for PBXNativeTarget "Hawaiian Weather" */;
			buildPhases = (
				A387A6E82065B3D000751BA3 /* Sources */,
				A387A6E92065B3D000751BA3 /* Frameworks */,
				A387A6EA2065B3D000751BA3 /* Resources */,
			);
			buildRules = (
			);
			dependencies = (
			);
			name = "Hawaiian Weather";
			productName = "Hawaiian Weather";
			productReference = A387A6EC2065B3D000751BA3 /* Hawaiian Weather.app */;
			productType = "com.apple.product-type.application";
		};
		A387A6FF2065B3D100751BA3 /* Hawaiian WeatherTests */ = {
			isa = PBXNativeTarget;
			buildConfigurationList = A387A7172065B3D100751BA3 /* Build configuration list for PBXNativeTarget "Hawaiian WeatherTests" */;
			buildPhases = (
				A387A6FC2065B3D100751BA3 /* Sources */,
				A387A6FD2065B3D100751BA3 /* Frameworks */,
				A387A6FE2065B3D100751BA3 /* Resources */,
			);
			buildRules = (
			);
			dependencies = (
				A387A7022065B3D100751BA3 /* PBXTargetDependency */,
			);
			name = "Hawaiian WeatherTests";
			productName = "Hawaiian WeatherTests";
			productReference = A387A7002065B3D100751BA3 /* Hawaiian WeatherTests.xctest */;
			productType = "com.apple.product-type.bundle.unit-test";
		};
		A387A70A2065B3D100751BA3 /* Hawaiian WeatherUITests */ = {
			isa = PBXNativeTarget;
			buildConfigurationList = A387A71A2065B3D100751BA3 /* Build configuration list for PBXNativeTarget "Hawaiian WeatherUITests" */;
			buildPhases = (
				A387A7072065B3D100751BA3 /* Sources */,
				A387A7082065B3D100751BA3 /* Frameworks */,
				A387A7092065B3D100751BA3 /* Resources */,
			);
			buildRules = (
			);
			dependencies = (
				A387A70D2065B3D100751BA3 /* PBXTargetDependency */,
			);
			name = "Hawaiian WeatherUITests";
			productName = "Hawaiian WeatherUITests";
			productReference = A387A70B2065B3D100751BA3 /* Hawaiian WeatherUITests.xctest */;
			productType = "com.apple.product-type.bundle.ui-testing";
		};
/* End PBXNativeTarget section */

/* Begin PBXProject section */
		A387A6E42065B3D000751BA3 /* Project object */ = {
			isa = PBXProject;
			attributes = {
				LastSwiftUpdateCheck = 0920;
				LastUpgradeCheck = 0920;
				ORGANIZATIONNAME = "Iain Moncrief";
				TargetAttributes = {
					A387A6EB2065B3D000751BA3 = {
						CreatedOnToolsVersion = 9.2;
						ProvisioningStyle = Automatic;
						SystemCapabilities = {
							com.apple.BackgroundModes = {
								enabled = 1;
							};
						};
					};
					A387A6FF2065B3D100751BA3 = {
						CreatedOnToolsVersion = 9.2;
						ProvisioningStyle = Automatic;
						TestTargetID = A387A6EB2065B3D000751BA3;
					};
					A387A70A2065B3D100751BA3 = {
						CreatedOnToolsVersion = 9.2;
						ProvisioningStyle = Automatic;
						TestTargetID = A387A6EB2065B3D000751BA3;
					};
				};
			};
			buildConfigurationList = A387A6E72065B3D000751BA3 /* Build configuration list for PBXProject "Hawaiian Weather" */;
			compatibilityVersion = "Xcode 8.0";
			developmentRegion = en;
			hasScannedForEncodings = 0;
			knownRegions = (
				en,
				Base,
			);
			mainGroup = A387A6E32065B3D000751BA3;
			productRefGroup = A387A6ED2065B3D000751BA3 /* Products */;
			projectDirPath = "";
			projectRoot = "";
			targets = (
				A387A6EB2065B3D000751BA3 /* Hawaiian Weather */,
				A387A6FF2065B3D100751BA3 /* Hawaiian WeatherTests */,
				A387A70A2065B3D100751BA3 /* Hawaiian WeatherUITests */,
			);
		};
/* End PBXProject section */

/* Begin PBXResourcesBuildPhase section */
		A387A6EA2065B3D000751BA3 /* Resources */ = {
			isa = PBXResourcesBuildPhase;
			buildActionMask = 2147483647;
			files = (
				A387A6FA2065B3D000751BA3 /* LaunchScreen.storyboard in Resources */,
				A387A6F72065B3D000751BA3 /* Assets.xcassets in Resources */,
				A387A6F52065B3D000751BA3 /* Main.storyboard in Resources */,
			);
			runOnlyForDeploymentPostprocessing = 0;
		};
		A387A6FE2065B3D100751BA3 /* Resources */ = {
			isa = PBXResourcesBuildPhase;
			buildActionMask = 2147483647;
			files = (
			);
			runOnlyForDeploymentPostprocessing = 0;
		};
		A387A7092065B3D100751BA3 /* Resources */ = {
			isa = PBXResourcesBuildPhase;
			buildActionMask = 2147483647;
			files = (
			);
			runOnlyForDeploymentPostprocessing = 0;
		};
/* End PBXResourcesBuildPhase section */

/* Begin PBXSourcesBuildPhase section */
		A387A6E82065B3D000751BA3 /* Sources */ = {
			isa = PBXSourcesBuildPhase;
			buildActionMask = 2147483647;
			files = (
				A3FB0704206B848A00935A41 /* Global.swift in Sources */,
				A387A726206611DB00751BA3 /* GetWeather.swift in Sources */,
				A387A728206887BA00751BA3 /* Keys.swift in Sources */,
				A387A72A2068884F00751BA3 /* Location.swift in Sources */,
				A387A6F22065B3D000751BA3 /* ViewController.swift in Sources */,
				A3D27D27206F8544006DFFF4 /* Reachability.swift in Sources */,
				A387A6F02065B3D000751BA3 /* AppDelegate.swift in Sources */,
				A387A7222065C2AF00751BA3 /* NewStation.swift in Sources */,
				A387A7242065C3C600751BA3 /* Functions.swift in Sources */,
			);
			runOnlyForDeploymentPostprocessing = 0;
		};
		A387A6FC2065B3D100751BA3 /* Sources */ = {
			isa = PBXSourcesBuildPhase;
			buildActionMask = 2147483647;
			files = (
				A387A7052065B3D100751BA3 /* Hawaiian_WeatherTests.swift in Sources */,
			);
			runOnlyForDeploymentPostprocessing = 0;
		};
		A387A7072065B3D100751BA3 /* Sources */ = {
			isa = PBXSourcesBuildPhase;
			buildActionMask = 2147483647;
			files = (
				A387A7102065B3D100751BA3 /* Hawaiian_WeatherUITests.swift in Sources */,
			);
			runOnlyForDeploymentPostprocessing = 0;
		};
/* End PBXSourcesBuildPhase section */

/* Begin PBXTargetDependency section */
		A387A7022065B3D100751BA3 /* PBXTargetDependency */ = {
			isa = PBXTargetDependency;
			target = A387A6EB2065B3D000751BA3 /* Hawaiian Weather */;
			targetProxy = A387A7012065B3D100751BA3 /* PBXContainerItemProxy */;
		};
		A387A70D2065B3D100751BA3 /* PBXTargetDependency */ = {
			isa = PBXTargetDependency;
			target = A387A6EB2065B3D000751BA3 /* Hawaiian Weather */;
			targetProxy = A387A70C2065B3D100751BA3 /* PBXContainerItemProxy */;
		};
/* End PBXTargetDependency section */

/* Begin PBXVariantGroup section */
		A387A6F32065B3D000751BA3 /* Main.storyboard */ = {
			isa = PBXVariantGroup;
			children = (
				A387A6F42065B3D000751BA3 /* Base */,
			);
			name = Main.storyboard;
			sourceTree = "<group>";
		};
		A387A6F82065B3D000751BA3 /* LaunchScreen.storyboard */ = {
			isa = PBXVariantGroup;
			children = (
				A387A6F92065B3D000751BA3 /* Base */,
			);
			name = LaunchScreen.storyboard;
			sourceTree = "<group>";
		};
/* End PBXVariantGroup section */

/* Begin XCBuildConfiguration section */
		A387A7122065B3D100751BA3 /* Debug */ = {
			isa = XCBuildConfiguration;
			buildSettings = {
				ALWAYS_SEARCH_USER_PATHS = NO;
				CLANG_ANALYZER_NONNULL = YES;
				CLANG_ANALYZER_NUMBER_OBJECT_CONVERSION = YES_AGGRESSIVE;
				CLANG_CXX_LANGUAGE_STANDARD = "gnu++14";
				CLANG_CXX_LIBRARY = "libc++";
				CLANG_ENABLE_MODULES = YES;
				CLANG_ENABLE_OBJC_ARC = YES;
				CLANG_WARN_BLOCK_CAPTURE_AUTORELEASING = YES;
				CLANG_WARN_BOOL_CONVERSION = YES;
				CLANG_WARN_COMMA = YES;
				CLANG_WARN_CONSTANT_CONVERSION = YES;
				CLANG_WARN_DIRECT_OBJC_ISA_USAGE = YES_ERROR;
				CLANG_WARN_DOCUMENTATION_COMMENTS = YES;
				CLANG_WARN_EMPTY_BODY = YES;
				CLANG_WARN_ENUM_CONVERSION = YES;
				CLANG_WARN_INFINITE_RECURSION = YES;
				CLANG_WARN_INT_CONVERSION = YES;
				CLANG_WARN_NON_LITERAL_NULL_CONVERSION = YES;
				CLANG_WARN_OBJC_LITERAL_CONVERSION = YES;
				CLANG_WARN_OBJC_ROOT_CLASS = YES_ERROR;
				CLANG_WARN_RANGE_LOOP_ANALYSIS = YES;
				CLANG_WARN_STRICT_PROTOTYPES = YES;
				CLANG_WARN_SUSPICIOUS_MOVE = YES;
				CLANG_WARN_UNGUARDED_AVAILABILITY = YES_AGGRESSIVE;
				CLANG_WARN_UNREACHABLE_CODE = YES;
				CLANG_WARN__DUPLICATE_METHOD_MATCH = YES;
				CODE_SIGN_IDENTITY = "iPhone Developer";
				COPY_PHASE_STRIP = NO;
				DEBUG_INFORMATION_FORMAT = dwarf;
				ENABLE_STRICT_OBJC_MSGSEND = YES;
				ENABLE_TESTABILITY = YES;
				GCC_C_LANGUAGE_STANDARD = gnu11;
				GCC_DYNAMIC_NO_PIC = NO;
				GCC_NO_COMMON_BLOCKS = YES;
				GCC_OPTIMIZATION_LEVEL = 0;
				GCC_PREPROCESSOR_DEFINITIONS = (
					"DEBUG=1",
					"$(inherited)",
				);
				GCC_WARN_64_TO_32_BIT_CONVERSION = YES;
				GCC_WARN_ABOUT_RETURN_TYPE = YES_ERROR;
				GCC_WARN_UNDECLARED_SELECTOR = YES;
				GCC_WARN_UNINITIALIZED_AUTOS = YES_AGGRESSIVE;
				GCC_WARN_UNUSED_FUNCTION = YES;
				GCC_WARN_UNUSED_VARIABLE = YES;
				IPHONEOS_DEPLOYMENT_TARGET = 11.2;
				MTL_ENABLE_DEBUG_INFO = YES;
				ONLY_ACTIVE_ARCH = YES;
				SDKROOT = iphoneos;
				SWIFT_ACTIVE_COMPILATION_CONDITIONS = DEBUG;
				SWIFT_OPTIMIZATION_LEVEL = "-Onone";
			};
			name = Debug;
		};
		A387A7132065B3D100751BA3 /* Release */ = {
			isa = XCBuildConfiguration;
			buildSettings = {
				ALWAYS_SEARCH_USER_PATHS = NO;
				CLANG_ANALYZER_NONNULL = YES;
				CLANG_ANALYZER_NUMBER_OBJECT_CONVERSION = YES_AGGRESSIVE;
				CLANG_CXX_LANGUAGE_STANDARD = "gnu++14";
				CLANG_CXX_LIBRARY = "libc++";
				CLANG_ENABLE_MODULES = YES;
				CLANG_ENABLE_OBJC_ARC = YES;
				CLANG_WARN_BLOCK_CAPTURE_AUTORELEASING = YES;
				CLANG_WARN_BOOL_CONVERSION = YES;
				CLANG_WARN_COMMA = YES;
				CLANG_WARN_CONSTANT_CONVERSION = YES;
				CLANG_WARN_DIRECT_OBJC_ISA_USAGE = YES_ERROR;
				CLANG_WARN_DOCUMENTATION_COMMENTS = YES;
				CLANG_WARN_EMPTY_BODY = YES;
				CLANG_WARN_ENUM_CONVERSION = YES;
				CLANG_WARN_INFINITE_RECURSION = YES;
				CLANG_WARN_INT_CONVERSION = YES;
				CLANG_WARN_NON_LITERAL_NULL_CONVERSION = YES;
				CLANG_WARN_OBJC_LITERAL_CONVERSION = YES;
				CLANG_WARN_OBJC_ROOT_CLASS = YES_ERROR;
				CLANG_WARN_RANGE_LOOP_ANALYSIS = YES;
				CLANG_WARN_STRICT_PROTOTYPES = YES;
				CLANG_WARN_SUSPICIOUS_MOVE = YES;
				CLANG_WARN_UNGUARDED_AVAILABILITY = YES_AGGRESSIVE;
				CLANG_WARN_UNREACHABLE_CODE = YES;
				CLANG_WARN__DUPLICATE_METHOD_MATCH = YES;
				CODE_SIGN_IDENTITY = "iPhone Developer";
				COPY_PHASE_STRIP = NO;
				DEBUG_INFORMATION_FORMAT = "dwarf-with-dsym";
				ENABLE_NS_ASSERTIONS = NO;
				ENABLE_STRICT_OBJC_MSGSEND = YES;
				GCC_C_LANGUAGE_STANDARD = gnu11;
				GCC_NO_COMMON_BLOCKS = YES;
				GCC_WARN_64_TO_32_BIT_CONVERSION = YES;
				GCC_WARN_ABOUT_RETURN_TYPE = YES_ERROR;
				GCC_WARN_UNDECLARED_SELECTOR = YES;
				GCC_WARN_UNINITIALIZED_AUTOS = YES_AGGRESSIVE;
				GCC_WARN_UNUSED_FUNCTION = YES;
				GCC_WARN_UNUSED_VARIABLE = YES;
				IPHONEOS_DEPLOYMENT_TARGET = 11.2;
				MTL_ENABLE_DEBUG_INFO = NO;
				SDKROOT = iphoneos;
				SWIFT_OPTIMIZATION_LEVEL = "-Owholemodule";
				VALIDATE_PRODUCT = YES;
			};
			name = Release;
		};
		A387A7152065B3D100751BA3 /* Debug */ = {
			isa = XCBuildConfiguration;
			buildSettings = {
				ASSETCATALOG_COMPILER_APPICON_NAME = AppIcon;
				CODE_SIGN_STYLE = Automatic;
				DEVELOPMENT_TEAM = 22J3ZRW343;
				INFOPLIST_FILE = "Hawaiian Weather/Info.plist";
				LD_RUNPATH_SEARCH_PATHS = "$(inherited) @executable_path/Frameworks";
				PRODUCT_BUNDLE_IDENTIFIER = "com.Nexal.Hawaiian-Weather";
				PRODUCT_NAME = "$(TARGET_NAME)";
				SWIFT_VERSION = 4.0;
				TARGETED_DEVICE_FAMILY = "1,2";
			};
			name = Debug;
		};
		A387A7162065B3D100751BA3 /* Release */ = {
			isa = XCBuildConfiguration;
			buildSettings = {
				ASSETCATALOG_COMPILER_APPICON_NAME = AppIcon;
				CODE_SIGN_STYLE = Automatic;
				DEVELOPMENT_TEAM = 22J3ZRW343;
				INFOPLIST_FILE = "Hawaiian Weather/Info.plist";
				LD_RUNPATH_SEARCH_PATHS = "$(inherited) @executable_path/Frameworks";
				PRODUCT_BUNDLE_IDENTIFIER = "com.Nexal.Hawaiian-Weather";
				PRODUCT_NAME = "$(TARGET_NAME)";
				SWIFT_VERSION = 4.0;
				TARGETED_DEVICE_FAMILY = "1,2";
			};
			name = Release;
		};
		A387A7182065B3D100751BA3 /* Debug */ = {
			isa = XCBuildConfiguration;
			buildSettings = {
				ALWAYS_EMBED_SWIFT_STANDARD_LIBRARIES = YES;
				BUNDLE_LOADER = "$(TEST_HOST)";
				CODE_SIGN_STYLE = Automatic;
				INFOPLIST_FILE = "Hawaiian WeatherTests/Info.plist";
				LD_RUNPATH_SEARCH_PATHS = "$(inherited) @executable_path/Frameworks @loader_path/Frameworks";
				PRODUCT_BUNDLE_IDENTIFIER = "com.Nexal.Hawaiian-WeatherTests";
				PRODUCT_NAME = "$(TARGET_NAME)";
				SWIFT_VERSION = 4.0;
				TARGETED_DEVICE_FAMILY = "1,2";
				TEST_HOST = "$(BUILT_PRODUCTS_DIR)/Hawaiian Weather.app/Hawaiian Weather";
			};
			name = Debug;
		};
		A387A7192065B3D100751BA3 /* Release */ = {
			isa = XCBuildConfiguration;
			buildSettings = {
				ALWAYS_EMBED_SWIFT_STANDARD_LIBRARIES = YES;
				BUNDLE_LOADER = "$(TEST_HOST)";
				CODE_SIGN_STYLE = Automatic;
				INFOPLIST_FILE = "Hawaiian WeatherTests/Info.plist";
				LD_RUNPATH_SEARCH_PATHS = "$(inherited) @executable_path/Frameworks @loader_path/Frameworks";
				PRODUCT_BUNDLE_IDENTIFIER = "com.Nexal.Hawaiian-WeatherTests";
				PRODUCT_NAME = "$(TARGET_NAME)";
				SWIFT_VERSION = 4.0;
				TARGETED_DEVICE_FAMILY = "1,2";
				TEST_HOST = "$(BUILT_PRODUCTS_DIR)/Hawaiian Weather.app/Hawaiian Weather";
			};
			name = Release;
		};
		A387A71B2065B3D100751BA3 /* Debug */ = {
			isa = XCBuildConfiguration;
			buildSettings = {
				ALWAYS_EMBED_SWIFT_STANDARD_LIBRARIES = YES;
				CODE_SIGN_STYLE = Automatic;
				INFOPLIST_FILE = "Hawaiian WeatherUITests/Info.plist";
				LD_RUNPATH_SEARCH_PATHS = "$(inherited) @executable_path/Frameworks @loader_path/Frameworks";
				PRODUCT_BUNDLE_IDENTIFIER = "com.Nexal.Hawaiian-WeatherUITests";
				PRODUCT_NAME = "$(TARGET_NAME)";
				SWIFT_VERSION = 4.0;
				TARGETED_DEVICE_FAMILY = "1,2";
				TEST_TARGET_NAME = "Hawaiian Weather";
			};
			name = Debug;
		};
		A387A71C2065B3D100751BA3 /* Release */ = {
			isa = XCBuildConfiguration;
			buildSettings = {
				ALWAYS_EMBED_SWIFT_STANDARD_LIBRARIES = YES;
				CODE_SIGN_STYLE = Automatic;
				INFOPLIST_FILE = "Hawaiian WeatherUITests/Info.plist";
				LD_RUNPATH_SEARCH_PATHS = "$(inherited) @executable_path/Frameworks @loader_path/Frameworks";
				PRODUCT_BUNDLE_IDENTIFIER = "com.Nexal.Hawaiian-WeatherUITests";
				PRODUCT_NAME = "$(TARGET_NAME)";
				SWIFT_VERSION = 4.0;
				TARGETED_DEVICE_FAMILY = "1,2";
				TEST_TARGET_NAME = "Hawaiian Weather";
			};
			name = Release;
		};
/* End XCBuildConfiguration section */

/* Begin XCConfigurationList section */
		A387A6E72065B3D000751BA3 /* Build configuration list for PBXProject "Hawaiian Weather" */ = {
			isa = XCConfigurationList;
			buildConfigurations = (
				A387A7122065B3D100751BA3 /* Debug */,
				A387A7132065B3D100751BA3 /* Release */,
			);
			defaultConfigurationIsVisible = 0;
			defaultConfigurationName = Release;
		};
		A387A7142065B3D100751BA3 /* Build configuration list for PBXNativeTarget "Hawaiian Weather" */ = {
			isa = XCConfigurationList;
			buildConfigurations = (
				A387A7152065B3D100751BA3 /* Debug */,
				A387A7162065B3D100751BA3 /* Release */,
			);
			defaultConfigurationIsVisible = 0;
			defaultConfigurationName = Release;
		};
		A387A7172065B3D100751BA3 /* Build configuration list for PBXNativeTarget "Hawaiian WeatherTests" */ = {
			isa = XCConfigurationList;
			buildConfigurations = (
				A387A7182065B3D100751BA3 /* Debug */,
				A387A7192065B3D100751BA3 /* Release */,
			);
			defaultConfigurationIsVisible = 0;
			defaultConfigurationName = Release;
		};
		A387A71A2065B3D100751BA3 /* Build configuration list for PBXNativeTarget "Hawaiian WeatherUITests" */ = {
			isa = XCConfigurationList;
			buildConfigurations = (
				A387A71B2065B3D100751BA3 /* Debug */,
				A387A71C2065B3D100751BA3 /* Release */,
			);
			defaultConfigurationIsVisible = 0;
			defaultConfigurationName = Release;
		};
/* End XCConfigurationList section */
	};
	rootObject = A387A6E42065B3D000751BA3 /* Project object */;
}
